
Microsoft Visual Studio Solution File, Format Version 12.00
# Visual Studio Version 16
VisualStudioVersion = 16.0.29009.5
MinimumVisualStudioVersion = 10.0.40219.1
Project("{9A19103F-16F7-4668-BE54-9A1E7A4F7556}") = "OdeToFood", "OdeToFood\OdeToFood.csproj", "{CEA8D1DA-9BFA-4BF7-B506-E9B6CFE88569}"
EndProject
Project("{9A19103F-16F7-4668-BE54-9A1E7A4F7556}") = "OdeToFood.Core", "OdeToFood.Core\OdeToFood.Core.csproj", "{D804A486-CFCA-4600-99C3-7331A13A9D96}"
EndProject
Project("{9A19103F-16F7-4668-BE54-9A1E7A4F7556}") = "OdeToFood.Data", "OdeToFood.Data\OdeToFood.Data.csproj", "{0287B6E9-030C-496E-A852-6C78090C24AA}"
EndProject
Global
	GlobalSection(SolutionConfigurationPlatforms) = preSolution
		Debug|Any CPU = Debug|Any CPU
		Release|Any CPU = Release|Any CPU
	EndGlobalSection
	GlobalSection(ProjectConfigurationPlatforms) = postSolution
		{CEA8D1DA-9BFA-4BF7-B506-E9B6CFE88569}.Debug|Any CPU.ActiveCfg = Debug|Any CPU
		{CEA8D1DA-9BFA-4BF7-B506-E9B6CFE88569}.Debug|Any CPU.Build.0 = Debug|Any CPU
		{CEA8D1DA-9BFA-4BF7-B506-E9B6CFE88569}.Release|Any CPU.ActiveCfg = Release|Any CPU
		{CEA8D1DA-9BFA-4BF7-B506-E9B6CFE88569}.Release|Any CPU.Build.0 = Release|Any CPU
		{D804A486-CFCA-4600-99C3-7331A13A9D96}.Debug|Any CPU.ActiveCfg = Debug|Any CPU
		{D804A486-CFCA-4600-99C3-7331A13A9D96}.Debug|Any CPU.Build.0 = Debug|Any CPU
		{D804A486-CFCA-4600-99C3-7331A13A9D96}.Release|Any CPU.ActiveCfg = Release|Any CPU
		{D804A486-CFCA-4600-99C3-7331A13A9D96}.Release|Any CPU.Build.0 = Release|Any CPU
		{0287B6E9-030C-496E-A852-6C78090C24AA}.Debug|Any CPU.ActiveCfg = Debug|Any CPU
		{0287B6E9-030C-496E-A852-6C78090C24AA}.Debug|Any CPU.Build.0 = Debug|Any CPU
		{0287B6E9-030C-496E-A852-6C78090C24AA}.Release|Any CPU.ActiveCfg = Release|Any CPU
		{0287B6E9-030C-496E-A852-6C78090C24AA}.Release|Any CPU.Build.0 = Release|Any CPU
	EndGlobalSection
	GlobalSection(SolutionProperties) = preSolution
		HideSolutionNode = FALSE
	EndGlobalSection
	GlobalSection(ExtensibilityGlobals) = postSolution
		SolutionGuid = {5A10BB69-CE8D-4C9A-AEDA-37C526547692}
	EndGlobalSection
EndGlobal
